{
  "name": "@antwiib001/ullam-atque-sequi",
  "version": "1.0.0",
  "lockfileVersion": 3,
  "requires": true,
  "packages": {
    "": {
      "name": "@antwiib001/ullam-atque-sequi",
      "version": "1.0.0",
      "license": "MIT",
      "dependencies": {
        "@antwiib001/aspernatur-adipisci-doloremque": "^1.0.0",
        "@antwiib001/consequatur-qui-incidunt": "^1.0.0",
        "@antwiib001/explicabo-debitis-tempore": "^1.0.0",
        "@antwiib001/iure-ipsa-deserunt": "^1.0.0",
        "@antwiib001/modi-corporis-laudantium": "^1.0.0",
        "@antwiib001/natus-et-unde": "^1.0.0",
        "@antwiib001/nemo-eveniet-quia": "^1.0.0",
        "@antwiib001/nobis-assumenda-velit": "^1.0.0",
        "@antwiib001/porro-quos-assumenda": "^1.0.0",
        "@antwiib001/quae-dolores-maxime": "^1.0.0",
        "@antwiib001/sunt-ullam-numquam": "^1.0.0"
      }
    },
    "node_modules/@antwiib001/aspernatur-adipisci-doloremque": {
      "version": "1.0.0",
      "resolved": "https://registry.npmjs.org/@antwiib001/aspernatur-adipisci-doloremque/-/aspernatur-adipisci-doloremque-1.0.0.tgz",
      "integrity": "sha512-gJgTJrvz6s/laTuWX9Otr15G7pNOVDUMatmwq3dK7AJecRj8X/WHh2XAa1T+6FPdoDMCJBRc7eYaUYjYofDzKg==",
      "dependencies": {
        "@antwiib001/consequatur-qui-incidunt": "^1.0.0",
        "@antwiib001/explicabo-debitis-tempore": "^1.0.0",
        "@antwiib001/nobis-assumenda-velit": "^1.0.0",
        "@antwiib001/porro-quos-assumenda": "^1.0.0",
        "@antwiib001/sunt-ullam-numquam": "^1.0.0"
      }
    },
    "node_modules/@antwiib001/consequatur-qui-incidunt": {
      "version": "1.0.0",
      "resolved": "https://registry.npmjs.org/@antwiib001/consequatur-qui-incidunt/-/consequatur-qui-incidunt-1.0.0.tgz",
      "integrity": "sha512-exCP0aU6f8vVvIRsCNClKF8FUuCimIIEgqXoGAA+xp+ndtnhcIDt3H/YJl6HMpjHhjRsiPP0LdjNRinkRu21Sw==",
      "dependencies": {
        "@antwiib001/nobis-assumenda-velit": "^1.0.0",
        "@antwiib001/porro-quos-assumenda": "^1.0.0"
      }
    },
    "node_modules/@antwiib001/explicabo-debitis-tempore": {
      "version": "1.0.0",
      "resolved": "https://registry.npmjs.org/@antwiib001/explicabo-debitis-tempore/-/explicabo-debitis-tempore-1.0.0.tgz",
      "integrity": "sha512-GFXg+7N6dbgV+IovFTgrpx8x29Yd/o8abU/W0h9aLF7RUdjQKK7pF8xMeWD7JZCLpWlGSy3iSAgxHLQg1TC+/A==",
      "dependencies": {
        "@antwiib001/consequatur-qui-incidunt": "^1.0.0",
        "@antwiib001/nobis-assumenda-velit": "^1.0.0",
        "@antwiib001/porro-quos-assumenda": "^1.0.0"
      }
    },
    "node_modules/@antwiib001/iure-ipsa-deserunt": {
      "version": "1.0.0",
      "resolved": "https://registry.npmjs.org/@antwiib001/iure-ipsa-deserunt/-/iure-ipsa-deserunt-1.0.0.tgz",
      "integrity": "sha512-/J1ZvJ2sMTyykO1LR3vAZq5K5PGWcu/pzPfDZe6CAdaRxXpdXlWHKjyZkU1vxkg30MU2wV/6/dxROD5SQjD80A==",
      "dependencies": {
        "@antwiib001/aspernatur-adipisci-doloremque": "^1.0.0",
        "@antwiib001/consequatur-qui-incidunt": "^1.0.0",
        "@antwiib001/explicabo-debitis-tempore": "^1.0.0",
        "@antwiib001/modi-corporis-laudantium": "^1.0.0",
        "@antwiib001/natus-et-unde": "^1.0.0",
        "@antwiib001/nobis-assumenda-velit": "^1.0.0",
        "@antwiib001/porro-quos-assumenda": "^1.0.0",
        "@antwiib001/quae-dolores-maxime": "^1.0.0",
        "@antwiib001/sunt-ullam-numquam": "^1.0.0"
      }
    },
    "node_modules/@antwiib001/modi-corporis-laudantium": {
      "version": "1.0.0",
      "resolved": "https://registry.npmjs.org/@antwiib001/modi-corporis-laudantium/-/modi-corporis-laudantium-1.0.0.tgz",
      "integrity": "sha512-Tn65WoZu0plYKMLuytu/7eVQWwPDjYMwJIUngPxcyctOEEamxmXViZPmTKK901ayEyTRJflADc1wrpfqFXJC1g==",
      "dependencies": {
        "@antwiib001/aspernatur-adipisci-doloremque": "^1.0.0",
        "@antwiib001/consequatur-qui-incidunt": "^1.0.0",
        "@antwiib001/explicabo-debitis-tempore": "^1.0.0",
        "@antwiib001/nobis-assumenda-velit": "^1.0.0",
        "@antwiib001/porro-quos-assumenda": "^1.0.0",
        "@antwiib001/quae-dolores-maxime": "^1.0.0",
        "@antwiib001/sunt-ullam-numquam": "^1.0.0"
      }
    },
    "node_modules/@antwiib001/natus-et-unde": {
      "version": "1.0.0",
      "resolved": "https://registry.npmjs.org/@antwiib001/natus-et-unde/-/natus-et-unde-1.0.0.tgz",
      "integrity": "sha512-tJ92dpQDdu0bdQDFPKuIVfsjugVtPFWyXmIwvkx+ntflxre28Nk7svoyMmGEoAlMirSbpKluqQJHvNTEi5RfLQ==",
      "dependencies": {
        "@antwiib001/aspernatur-adipisci-doloremque": "^1.0.0",
        "@antwiib001/consequatur-qui-incidunt": "^1.0.0",
        "@antwiib001/explicabo-debitis-tempore": "^1.0.0",
        "@antwiib001/modi-corporis-laudantium": "^1.0.0",
        "@antwiib001/nobis-assumenda-velit": "^1.0.0",
        "@antwiib001/porro-quos-assumenda": "^1.0.0",
        "@antwiib001/quae-dolores-maxime": "^1.0.0",
        "@antwiib001/sunt-ullam-numquam": "^1.0.0"
      }
    },
    "node_modules/@antwiib001/nemo-eveniet-quia": {
      "version": "1.0.0",
      "resolved": "https://registry.npmjs.org/@antwiib001/nemo-eveniet-quia/-/nemo-eveniet-quia-1.0.0.tgz",
      "integrity": "sha512-eOEIOqHaHKwItzcC4Ns4UoO21TvhR28mQgLWKKUk+letcJBQ/JL4UNWNk+oVuT/0k58PsG9vJ7sM+doXeb3LEQ==",
      "dependencies": {
        "@antwiib001/aspernatur-adipisci-doloremque": "^1.0.0",
        "@antwiib001/consequatur-qui-incidunt": "^1.0.0",
        "@antwiib001/explicabo-debitis-tempore": "^1.0.0",
        "@antwiib001/iure-ipsa-deserunt": "^1.0.0",
        "@antwiib001/modi-corporis-laudantium": "^1.0.0",
        "@antwiib001/natus-et-unde": "^1.0.0",
        "@antwiib001/nobis-assumenda-velit": "^1.0.0",
        "@antwiib001/porro-quos-assumenda": "^1.0.0",
        "@antwiib001/quae-dolores-maxime": "^1.0.0",
        "@antwiib001/sunt-ullam-numquam": "^1.0.0"
      }
    },
    "node_modules/@antwiib001/nobis-assumenda-velit": {
      "version": "1.0.0",
      "resolved": "https://registry.npmjs.org/@antwiib001/nobis-assumenda-velit/-/nobis-assumenda-velit-1.0.0.tgz",
      "integrity": "sha512-xcC6elHvMbHYPbN6BZ5lBpeHvWA0dXhjsY4tLFEAa1vbSBIg2cq9ZE5dFoIZ+v7ZnWt34zsSBvI0gy2fkZ5RxA==",
      "dependencies": {
        "@antwiib001/porro-quos-assumenda": "^1.0.0"
      }
    },
    "node_modules/@antwiib001/porro-quos-assumenda": {
      "version": "1.0.0",
      "resolved": "https://registry.npmjs.org/@antwiib001/porro-quos-assumenda/-/porro-quos-assumenda-1.0.0.tgz",
      "integrity": "sha512-QmM0D7d9IcDgo2iG9VS4kNYNM1TfYec8vFmrvPkkgNmWPrSJ5mmdKBmnHmVDUjdvnm4l2+Q97v7PUmYru/iFHw=="
    },
    "node_modules/@antwiib001/quae-dolores-maxime": {
      "version": "1.0.0",
      "resolved": "https://registry.npmjs.org/@antwiib001/quae-dolores-maxime/-/quae-dolores-maxime-1.0.0.tgz",
      "integrity": "sha512-3Gno2g1esvGi+qC8TyoVAgLhsFO9OzrpyJf8yUESrVA28W1Z2Ep/s0lm4kGlG2WoQFEdxSE4eIGyakPIsHrX1Q==",
      "dependencies": {
        "@antwiib001/aspernatur-adipisci-doloremque": "^1.0.0",
        "@antwiib001/consequatur-qui-incidunt": "^1.0.0",
        "@antwiib001/explicabo-debitis-tempore": "^1.0.0",
        "@antwiib001/nobis-assumenda-velit": "^1.0.0",
        "@antwiib001/porro-quos-assumenda": "^1.0.0",
        "@antwiib001/sunt-ullam-numquam": "^1.0.0"
      }
    },
    "node_modules/@antwiib001/sunt-ullam-numquam": {
      "version": "1.0.0",
      "resolved": "https://registry.npmjs.org/@antwiib001/sunt-ullam-numquam/-/sunt-ullam-numquam-1.0.0.tgz",
      "integrity": "sha512-Ssj+bOAI0r/YpNu6Ly8Kp37baOHTurgZy9k2doCXex2SSK2U9979Q8kuYL0h2Uv3+WOXlznMXoy2qM+r3+QXhw==",
      "dependencies": {
        "@antwiib001/consequatur-qui-incidunt": "^1.0.0",
        "@antwiib001/explicabo-debitis-tempore": "^1.0.0",
        "@antwiib001/nobis-assumenda-velit": "^1.0.0",
        "@antwiib001/porro-quos-assumenda": "^1.0.0"
      }
    }
  }
}
